{
  "name": "shojiwm-user-config",
  "lockfileVersion": 3,
  "requires": true,
  "packages": {
    "": {
      "name": "shojiwm-user-config",
      "dependencies": {
        "lodash-es": "^4.18.1",
        "shoji_wm": "file:/usr/lib/shojiwm/packages/shoji_wm"
      },
      "devDependencies": {
        "@types/lodash-es": "^4.17.12"
      }
    },
    "../../../../usr/lib/shojiwm/packages/shoji_wm": {
      "version": "0.1.0"
    },
    "node_modules/@types/lodash": {
      "version": "4.17.24",
      "resolved": "https://registry.npmjs.org/@types/lodash/-/lodash-4.17.24.tgz",
      "integrity": "sha512-gIW7lQLZbue7lRSWEFql49QJJWThrTFFeIMJdp3eH4tKoxm1OvEPg02rm4wCCSHS0cL3/Fizimb35b7k8atwsQ==",
      "dev": true,
      "license": "MIT"
    },
    "node_modules/@types/lodash-es": {
      "version": "4.17.12",
      "resolved": "https://registry.npmjs.org/@types/lodash-es/-/lodash-es-4.17.12.tgz",
      "integrity": "sha512-0NgftHUcV4v34VhXm8QBSftKVXtbkBG3ViCjs6+eJ5a6y6Mi/jiFGPc1sC7QK+9BFhWrURE3EOggmWaSxL9OzQ==",
      "dev": true,
      "license": "MIT",
      "dependencies": {
        "@types/lodash": "*"
      }
    },
    "node_modules/lodash-es": {
      "version": "4.18.1",
      "resolved": "https://registry.npmjs.org/lodash-es/-/lodash-es-4.18.1.tgz",
      "integrity": "sha512-J8xewKD/Gk22OZbhpOVSwcs60zhd95ESDwezOFuA3/099925PdHJ7OFHNTGtajL3AlZkykD32HykiMo+BIBI8A==",
      "license": "MIT"
    },
    "node_modules/shoji_wm": {
      "resolved": "../../../../usr/lib/shojiwm/packages/shoji_wm",
      "link": true
    }
  }
}
